
Microsoft Visual Studio Solution File, Format Version 12.00
# Visual Studio Version 17
VisualStudioVersion = 17.14.36623.8
MinimumVisualStudioVersion = 10.0.40219.1
Project("{FAE04EC0-301F-11D3-BF4B-00C04F79EFBC}") = "BigMamma", "ConsoleApp1\BigMamma.csproj", "{C61B5693-129F-4E35-9723-3828477A07CD}"
EndProject
Global
	GlobalSection(SolutionConfigurationPlatforms) = preSolution
		Debug|Any CPU = Debug|Any CPU
		Release|Any CPU = Release|Any CPU
	EndGlobalSection
	GlobalSection(ProjectConfigurationPlatforms) = postSolution
		{C61B5693-129F-4E35-9723-3828477A07CD}.Debug|Any CPU.ActiveCfg = Debug|Any CPU
		{C61B5693-129F-4E35-9723-3828477A07CD}.Debug|Any CPU.Build.0 = Debug|Any CPU
		{C61B5693-129F-4E35-9723-3828477A07CD}.Release|Any CPU.ActiveCfg = Release|Any CPU
		{C61B5693-129F-4E35-9723-3828477A07CD}.Release|Any CPU.Build.0 = Release|Any CPU
	EndGlobalSection
	GlobalSection(SolutionProperties) = preSolution
		HideSolutionNode = FALSE
	EndGlobalSection
	GlobalSection(ExtensibilityGlobals) = postSolution
		SolutionGuid = {81C27E07-4903-4BA1-8890-81CDF98FE5AD}
	EndGlobalSection
EndGlobal
